{
  "name": "guestbookltt",
  "version": "1.0.0",
  "lockfileVersion": 2,
  "requires": true,
  "packages": {
    "": {
      "name": "guestbookltt",
      "version": "1.0.0",
      "license": "ISC"
    },
    "dependencies": {
      "express": "*",
      "body-parser": "*",
      "bcrypt": "^0.8.5"
    }
  }
}
